Microsoft Visual Studio Solution File, Format Version 12.00
# Visual Studio Version 17
VisualStudioVersion = 17.5.2.0
MinimumVisualStudioVersion = 10.0.40219.1
Project("{FAE04EC0-301F-11D3-BF4B-00C04F79EFBC}") = "ShelfSense", "ShelfSense.csproj", "{06203486-BC40-43FE-B5A4-4FEBB0313609}"
EndProject
Global
	GlobalSection(SolutionConfigurationPlatforms) = preSolution
		Debug|Any CPU = Debug|Any CPU
		Release|Any CPU = Release|Any CPU
	EndGlobalSection
	GlobalSection(ProjectConfigurationPlatforms) = postSolution
		{06203486-BC40-43FE-B5A4-4FEBB0313609}.Debug|Any CPU.ActiveCfg = Debug|Any CPU
		{06203486-BC40-43FE-B5A4-4FEBB0313609}.Debug|Any CPU.Build.0 = Debug|Any CPU
		{06203486-BC40-43FE-B5A4-4FEBB0313609}.Release|Any CPU.ActiveCfg = Release|Any CPU
		{06203486-BC40-43FE-B5A4-4FEBB0313609}.Release|Any CPU.Build.0 = Release|Any CPU
	EndGlobalSection
	GlobalSection(SolutionProperties) = preSolution
		HideSolutionNode = FALSE
	EndGlobalSection
	GlobalSection(ExtensibilityGlobals) = postSolution
		SolutionGuid = {7821A0F5-88A8-41D2-ABD1-C888682E0157}
	EndGlobalSection
EndGlobal
